
Microsoft Visual Studio Solution File, Format Version 12.00
# Visual Studio Version 17
VisualStudioVersion = 17.5.33502.453
MinimumVisualStudioVersion = 10.0.40219.1
Project("{FAE04EC0-301F-11D3-BF4B-00C04F79EFBC}") = "DvtElevatorChallenge", "DvtElevatorChallenge\DvtElevatorChallenge.csproj", "{58157741-8B82-4058-A82F-4E048A7D70FE}"
EndProject
Project("{FAE04EC0-301F-11D3-BF4B-00C04F79EFBC}") = "DvtElevatorChallenge.Bll", "DvtElevatorChallenge.Bll\DvtElevatorChallenge.Bll.csproj", "{E1979B02-043B-4392-A316-9447E410F262}"
EndProject
Project("{FAE04EC0-301F-11D3-BF4B-00C04F79EFBC}") = "DvtElevatorChallenge.Tests", "DvtElevatorChallenge.Tests\DvtElevatorChallenge.Tests.csproj", "{859E715D-2AD7-4F90-A2FF-1E43C7A18440}"
EndProject
Project("{FAE04EC0-301F-11D3-BF4B-00C04F79EFBC}") = "DvtElevatorChallenge.Utility", "DvtElevatorChallenge.Utility\DvtElevatorChallenge.Utility.csproj", "{BD9D14C2-6250-4B83-AB46-DA0F3B86295A}"
EndProject
Project("{FAE04EC0-301F-11D3-BF4B-00C04F79EFBC}") = "DvtElevatorChallenge.Data", "DvtElevatorChallenge.Data\DvtElevatorChallenge.Data.csproj", "{598FBC39-CD8D-4C4A-A42A-326B43921E47}"
EndProject
Global
	GlobalSection(SolutionConfigurationPlatforms) = preSolution
		Debug|Any CPU = Debug|Any CPU
		Release|Any CPU = Release|Any CPU
	EndGlobalSection
	GlobalSection(ProjectConfigurationPlatforms) = postSolution
		{58157741-8B82-4058-A82F-4E048A7D70FE}.Debug|Any CPU.ActiveCfg = Debug|Any CPU
		{58157741-8B82-4058-A82F-4E048A7D70FE}.Debug|Any CPU.Build.0 = Debug|Any CPU
		{58157741-8B82-4058-A82F-4E048A7D70FE}.Release|Any CPU.ActiveCfg = Release|Any CPU
		{58157741-8B82-4058-A82F-4E048A7D70FE}.Release|Any CPU.Build.0 = Release|Any CPU
		{E1979B02-043B-4392-A316-9447E410F262}.Debug|Any CPU.ActiveCfg = Debug|Any CPU
		{E1979B02-043B-4392-A316-9447E410F262}.Debug|Any CPU.Build.0 = Debug|Any CPU
		{E1979B02-043B-4392-A316-9447E410F262}.Release|Any CPU.ActiveCfg = Release|Any CPU
		{E1979B02-043B-4392-A316-9447E410F262}.Release|Any CPU.Build.0 = Release|Any CPU
		{859E715D-2AD7-4F90-A2FF-1E43C7A18440}.Debug|Any CPU.ActiveCfg = Debug|Any CPU
		{859E715D-2AD7-4F90-A2FF-1E43C7A18440}.Debug|Any CPU.Build.0 = Debug|Any CPU
		{859E715D-2AD7-4F90-A2FF-1E43C7A18440}.Release|Any CPU.ActiveCfg = Release|Any CPU
		{859E715D-2AD7-4F90-A2FF-1E43C7A18440}.Release|Any CPU.Build.0 = Release|Any CPU
		{BD9D14C2-6250-4B83-AB46-DA0F3B86295A}.Debug|Any CPU.ActiveCfg = Debug|Any CPU
		{BD9D14C2-6250-4B83-AB46-DA0F3B86295A}.Debug|Any CPU.Build.0 = Debug|Any CPU
		{BD9D14C2-6250-4B83-AB46-DA0F3B86295A}.Release|Any CPU.ActiveCfg = Release|Any CPU
		{BD9D14C2-6250-4B83-AB46-DA0F3B86295A}.Release|Any CPU.Build.0 = Release|Any CPU
		{598FBC39-CD8D-4C4A-A42A-326B43921E47}.Debug|Any CPU.ActiveCfg = Debug|Any CPU
		{598FBC39-CD8D-4C4A-A42A-326B43921E47}.Debug|Any CPU.Build.0 = Debug|Any CPU
		{598FBC39-CD8D-4C4A-A42A-326B43921E47}.Release|Any CPU.ActiveCfg = Release|Any CPU
		{598FBC39-CD8D-4C4A-A42A-326B43921E47}.Release|Any CPU.Build.0 = Release|Any CPU
	EndGlobalSection
	GlobalSection(SolutionProperties) = preSolution
		HideSolutionNode = FALSE
	EndGlobalSection
	GlobalSection(ExtensibilityGlobals) = postSolution
		SolutionGuid = {5E4D0A3D-047A-45B9-A48E-74FBB807A24E}
	EndGlobalSection
EndGlobal
